// !$*UTF8*$!
{
	archiveVersion = 1;
	classes = {
	};
	objectVersion = 48;
	objects = {

/* Begin PBXBuildFile section */
		118E5349201D7AAA0007CE38 /* AppDelegate.swift in Sources */ = {isa = PBXBuildFile; fileRef = 118E5348201D7AAA0007CE38 /* AppDelegate.swift */; };
		118E534B201D7AAA0007CE38 /* ViewController.swift in Sources */ = {isa = PBXBuildFile; fileRef = 118E534A201D7AAA0007CE38 /* ViewController.swift */; };
		118E534E201D7AAA0007CE38 /* Main.storyboard in Resources */ = {isa = PBXBuildFile; fileRef = 118E534C201D7AAA0007CE38 /* Main.storyboard */; };
		118E5350201D7AAA0007CE38 /* Assets.xcassets in Resources */ = {isa = PBXBuildFile; fileRef = 118E534F201D7AAA0007CE38 /* Assets.xcassets */; };
		118E5353201D7AAA0007CE38 /* LaunchScreen.storyboard in Resources */ = {isa = PBXBuildFile; fileRef = 118E5351201D7AAA0007CE38 /* LaunchScreen.storyboard */; };
		118E535E201D7AAA0007CE38 /* Pic_TilesTests.swift in Sources */ = {isa = PBXBuildFile; fileRef = 118E535D201D7AAA0007CE38 /* Pic_TilesTests.swift */; };
		118E5369201D7AAA0007CE38 /* Pic_TilesUITests.swift in Sources */ = {isa = PBXBuildFile; fileRef = 118E5368201D7AAA0007CE38 /* Pic_TilesUITests.swift */; };
/* End PBXBuildFile section */

/* Begin PBXContainerItemProxy section */
		118E535A201D7AAA0007CE38 /* PBXContainerItemProxy */ = {
			isa = PBXContainerItemProxy;
			containerPortal = 118E533D201D7AAA0007CE38 /* Project object */;
			proxyType = 1;
			remoteGlobalIDString = 118E5344201D7AAA0007CE38;
			remoteInfo = "Pic Tiles";
		};
		118E5365201D7AAA0007CE38 /* PBXContainerItemProxy */ = {
			isa = PBXContainerItemProxy;
			containerPortal = 118E533D201D7AAA0007CE38 /* Project object */;
			proxyType = 1;
			remoteGlobalIDString = 118E5344201D7AAA0007CE38;
			remoteInfo = "Pic Tiles";
		};
/* End PBXContainerItemProxy section */

/* Begin PBXFileReference section */
		118E5345201D7AAA0007CE38 /* Pic Tiles.app */ = {isa = PBXFileReference; explicitFileType = wrapper.application; includeInIndex = 0; path = "Pic Tiles.app"; sourceTree = BUILT_PRODUCTS_DIR; };
		118E5348201D7AAA0007CE38 /* AppDelegate.swift */ = {isa = PBXFileReference; lastKnownFileType = sourcecode.swift; path = AppDelegate.swift; sourceTree = "<group>"; };
		118E534A201D7AAA0007CE38 /* ViewController.swift */ = {isa = PBXFileReference; lastKnownFileType = sourcecode.swift; path = ViewController.swift; sourceTree = "<group>"; };
		118E534D201D7AAA0007CE38 /* Base */ = {isa = PBXFileReference; lastKnownFileType = file.storyboard; name = Base; path = Base.lproj/Main.storyboard; sourceTree = "<group>"; };
		118E534F201D7AAA0007CE38 /* Assets.xcassets */ = {isa = PBXFileReference; lastKnownFileType = folder.assetcatalog; path = Assets.xcassets; sourceTree = "<group>"; };
		118E5352201D7AAA0007CE38 /* Base */ = {isa = PBXFileReference; lastKnownFileType = file.storyboard; name = Base; path = Base.lproj/LaunchScreen.storyboard; sourceTree = "<group>"; };
		118E5354201D7AAA0007CE38 /* Info.plist */ = {isa = PBXFileReference; lastKnownFileType = text.plist.xml; path = Info.plist; sourceTree = "<group>"; };
		118E5359201D7AAA0007CE38 /* Pic TilesTests.xctest */ = {isa = PBXFileReference; explicitFileType = wrapper.cfbundle; includeInIndex = 0; path = "Pic TilesTests.xctest"; sourceTree = BUILT_PRODUCTS_DIR; };
		118E535D201D7AAA0007CE38 /* Pic_TilesTests.swift */ = {isa = PBXFileReference; lastKnownFileType = sourcecode.swift; path = Pic_TilesTests.swift; sourceTree = "<group>"; };
		118E535F201D7AAA0007CE38 /* Info.plist */ = {isa = PBXFileReference; lastKnownFileType = text.plist.xml; path = Info.plist; sourceTree = "<group>"; };
		118E5364201D7AAA0007CE38 /* Pic TilesUITests.xctest */ = {isa = PBXFileReference; explicitFileType = wrapper.cfbundle; includeInIndex = 0; path = "Pic TilesUITests.xctest"; sourceTree = BUILT_PRODUCTS_DIR; };
		118E5368201D7AAA0007CE38 /* Pic_TilesUITests.swift */ = {isa = PBXFileReference; lastKnownFileType = sourcecode.swift; path = Pic_TilesUITests.swift; sourceTree = "<group>"; };
		118E536A201D7AAA0007CE38 /* Info.plist */ = {isa = PBXFileReference; lastKnownFileType = text.plist.xml; path = Info.plist; sourceTree = "<group>"; };
/* End PBXFileReference section */

/* Begin PBXFrameworksBuildPhase section */
		118E5342201D7AAA0007CE38 /* Frameworks */ = {
			isa = PBXFrameworksBuildPhase;
			buildActionMask = 2147483647;
			files = (
			);
			runOnlyForDeploymentPostprocessing = 0;
		};
		118E5356201D7AAA0007CE38 /* Frameworks */ = {
			isa = PBXFrameworksBuildPhase;
			buildActionMask = 2147483647;
			files = (
			);
			runOnlyForDeploymentPostprocessing = 0;
		};
		118E5361201D7AAA0007CE38 /* Frameworks */ = {
			isa = PBXFrameworksBuildPhase;
			buildActionMask = 2147483647;
			files = (
			);
			runOnlyForDeploymentPostprocessing = 0;
		};
/* End PBXFrameworksBuildPhase section */

/* Begin PBXGroup section */
		118E533C201D7AAA0007CE38 = {
			isa = PBXGroup;
			children = (
				118E5347201D7AAA0007CE38 /* Pic Tiles */,
				118E535C201D7AAA0007CE38 /* Pic TilesTests */,
				118E5367201D7AAA0007CE38 /* Pic TilesUITests */,
				118E5346201D7AAA0007CE38 /* Products */,
			);
			sourceTree = "<group>";
		};
		118E5346201D7AAA0007CE38 /* Products */ = {
			isa = PBXGroup;
			children = (
				118E5345201D7AAA0007CE38 /* Pic Tiles.app */,
				118E5359201D7AAA0007CE38 /* Pic TilesTests.xctest */,
				118E5364201D7AAA0007CE38 /* Pic TilesUITests.xctest */,
			);
			name = Products;
			sourceTree = "<group>";
		};
		118E5347201D7AAA0007CE38 /* Pic Tiles */ = {
			isa = PBXGroup;
			children = (
				118E5348201D7AAA0007CE38 /* AppDelegate.swift */,
				118E534A201D7AAA0007CE38 /* ViewController.swift */,
				118E534C201D7AAA0007CE38 /* Main.storyboard */,
				118E534F201D7AAA0007CE38 /* Assets.xcassets */,
				118E5351201D7AAA0007CE38 /* LaunchScreen.storyboard */,
				118E5354201D7AAA0007CE38 /* Info.plist */,
			);
			path = "Pic Tiles";
			sourceTree = "<group>";
		};
		118E535C201D7AAA0007CE38 /* Pic TilesTests */ = {
			isa = PBXGroup;
			children = (
				118E535D201D7AAA0007CE38 /* Pic_TilesTests.swift */,
				118E535F201D7AAA0007CE38 /* Info.plist */,
			);
			path = "Pic TilesTests";
			sourceTree = "<group>";
		};
		118E5367201D7AAA0007CE38 /* Pic TilesUITests */ = {
			isa = PBXGroup;
			children = (
				118E5368201D7AAA0007CE38 /* Pic_TilesUITests.swift */,
				118E536A201D7AAA0007CE38 /* Info.plist */,
			);
			path = "Pic TilesUITests";
			sourceTree = "<group>";
		};
/* End PBXGroup section */

/* Begin PBXNativeTarget section */
		118E5344201D7AAA0007CE38 /* Pic Tiles */ = {
			isa = PBXNativeTarget;
			buildConfigurationList = 118E536D201D7AAA0007CE38 /* Build configuration list for PBXNativeTarget "Pic Tiles" */;
			buildPhases = (
				118E5341201D7AAA0007CE38 /* Sources */,
				118E5342201D7AAA0007CE38 /* Frameworks */,
				118E5343201D7AAA0007CE38 /* Resources */,
			);
			buildRules = (
			);
			dependencies = (
			);
			name = "Pic Tiles";
			productName = "Pic Tiles";
			productReference = 118E5345201D7AAA0007CE38 /* Pic Tiles.app */;
			productType = "com.apple.product-type.application";
		};
		118E5358201D7AAA0007CE38 /* Pic TilesTests */ = {
			isa = PBXNativeTarget;
			buildConfigurationList = 118E5370201D7AAA0007CE38 /* Build configuration list for PBXNativeTarget "Pic TilesTests" */;
			buildPhases = (
				118E5355201D7AAA0007CE38 /* Sources */,
				118E5356201D7AAA0007CE38 /* Frameworks */,
				118E5357201D7AAA0007CE38 /* Resources */,
			);
			buildRules = (
			);
			dependencies = (
				118E535B201D7AAA0007CE38 /* PBXTargetDependency */,
			);
			name = "Pic TilesTests";
			productName = "Pic TilesTests";
			productReference = 118E5359201D7AAA0007CE38 /* Pic TilesTests.xctest */;
			productType = "com.apple.product-type.bundle.unit-test";
		};
		118E5363201D7AAA0007CE38 /* Pic TilesUITests */ = {
			isa = PBXNativeTarget;
			buildConfigurationList = 118E5373201D7AAA0007CE38 /* Build configuration list for PBXNativeTarget "Pic TilesUITests" */;
			buildPhases = (
				118E5360201D7AAA0007CE38 /* Sources */,
				118E5361201D7AAA0007CE38 /* Frameworks */,
				118E5362201D7AAA0007CE38 /* Resources */,
			);
			buildRules = (
			);
			dependencies = (
				118E5366201D7AAA0007CE38 /* PBXTargetDependency */,
			);
			name = "Pic TilesUITests";
			productName = "Pic TilesUITests";
			productReference = 118E5364201D7AAA0007CE38 /* Pic TilesUITests.xctest */;
			productType = "com.apple.product-type.bundle.ui-testing";
		};
/* End PBXNativeTarget section */

/* Begin PBXProject section */
		118E533D201D7AAA0007CE38 /* Project object */ = {
			isa = PBXProject;
			attributes = {
				LastSwiftUpdateCheck = 0920;
				LastUpgradeCheck = 0920;
				ORGANIZATIONNAME = "Jovito Royeca";
				TargetAttributes = {
					118E5344201D7AAA0007CE38 = {
						CreatedOnToolsVersion = 9.2;
						ProvisioningStyle = Automatic;
					};
					118E5358201D7AAA0007CE38 = {
						CreatedOnToolsVersion = 9.2;
						ProvisioningStyle = Automatic;
						TestTargetID = 118E5344201D7AAA0007CE38;
					};
					118E5363201D7AAA0007CE38 = {
						CreatedOnToolsVersion = 9.2;
						ProvisioningStyle = Automatic;
						TestTargetID = 118E5344201D7AAA0007CE38;
					};
				};
			};
			buildConfigurationList = 118E5340201D7AAA0007CE38 /* Build configuration list for PBXProject "Pic Tiles" */;
			compatibilityVersion = "Xcode 8.0";
			developmentRegion = en;
			hasScannedForEncodings = 0;
			knownRegions = (
				en,
				Base,
			);
			mainGroup = 118E533C201D7AAA0007CE38;
			productRefGroup = 118E5346201D7AAA0007CE38 /* Products */;
			projectDirPath = "";
			projectRoot = "";
			targets = (
				118E5344201D7AAA0007CE38 /* Pic Tiles */,
				118E5358201D7AAA0007CE38 /* Pic TilesTests */,
				118E5363201D7AAA0007CE38 /* Pic TilesUITests */,
			);
		};
/* End PBXProject section */

/* Begin PBXResourcesBuildPhase section */
		118E5343201D7AAA0007CE38 /* Resources */ = {
			isa = PBXResourcesBuildPhase;
			buildActionMask = 2147483647;
			files = (
				118E5353201D7AAA0007CE38 /* LaunchScreen.storyboard in Resources */,
				118E5350201D7AAA0007CE38 /* Assets.xcassets in Resources */,
				118E534E201D7AAA0007CE38 /* Main.storyboard in Resources */,
			);
			runOnlyForDeploymentPostprocessing = 0;
		};
		118E5357201D7AAA0007CE38 /* Resources */ = {
			isa = PBXResourcesBuildPhase;
			buildActionMask = 2147483647;
			files = (
			);
			runOnlyForDeploymentPostprocessing = 0;
		};
		118E5362201D7AAA0007CE38 /* Resources */ = {
			isa = PBXResourcesBuildPhase;
			buildActionMask = 2147483647;
			files = (
			);
			runOnlyForDeploymentPostprocessing = 0;
		};
/* End PBXResourcesBuildPhase section */

/* Begin PBXSourcesBuildPhase section */
		118E5341201D7AAA0007CE38 /* Sources */ = {
			isa = PBXSourcesBuildPhase;
			buildActionMask = 2147483647;
			files = (
				118E534B201D7AAA0007CE38 /* ViewController.swift in Sources */,
				118E5349201D7AAA0007CE38 /* AppDelegate.swift in Sources */,
			);
			runOnlyForDeploymentPostprocessing = 0;
		};
		118E5355201D7AAA0007CE38 /* Sources */ = {
			isa = PBXSourcesBuildPhase;
			buildActionMask = 2147483647;
			files = (
				118E535E201D7AAA0007CE38 /* Pic_TilesTests.swift in Sources */,
			);
			runOnlyForDeploymentPostprocessing = 0;
		};
		118E5360201D7AAA0007CE38 /* Sources */ = {
			isa = PBXSourcesBuildPhase;
			buildActionMask = 2147483647;
			files = (
				118E5369201D7AAA0007CE38 /* Pic_TilesUITests.swift in Sources */,
			);
			runOnlyForDeploymentPostprocessing = 0;
		};
/* End PBXSourcesBuildPhase section */

/* Begin PBXTargetDependency section */
		118E535B201D7AAA0007CE38 /* PBXTargetDependency */ = {
			isa = PBXTargetDependency;
			target = 118E5344201D7AAA0007CE38 /* Pic Tiles */;
			targetProxy = 118E535A201D7AAA0007CE38 /* PBXContainerItemProxy */;
		};
		118E5366201D7AAA0007CE38 /* PBXTargetDependency */ = {
			isa = PBXTargetDependency;
			target = 118E5344201D7AAA0007CE38 /* Pic Tiles */;
			targetProxy = 118E5365201D7AAA0007CE38 /* PBXContainerItemProxy */;
		};
/* End PBXTargetDependency section */

/* Begin PBXVariantGroup section */
		118E534C201D7AAA0007CE38 /* Main.storyboard */ = {
			isa = PBXVariantGroup;
			children = (
				118E534D201D7AAA0007CE38 /* Base */,
			);
			name = Main.storyboard;
			sourceTree = "<group>";
		};
		118E5351201D7AAA0007CE38 /* LaunchScreen.storyboard */ = {
			isa = PBXVariantGroup;
			children = (
				118E5352201D7AAA0007CE38 /* Base */,
			);
			name = LaunchScreen.storyboard;
			sourceTree = "<group>";
		};
/* End PBXVariantGroup section */

/* Begin XCBuildConfiguration section */
		118E536B201D7AAA0007CE38 /* Debug */ = {
			isa = XCBuildConfiguration;
			buildSettings = {
				ALWAYS_SEARCH_USER_PATHS = NO;
				CLANG_ANALYZER_NONNULL = YES;
				CLANG_ANALYZER_NUMBER_OBJECT_CONVERSION = YES_AGGRESSIVE;
				CLANG_CXX_LANGUAGE_STANDARD = "gnu++14";
				CLANG_CXX_LIBRARY = "libc++";
				CLANG_ENABLE_MODULES = YES;
				CLANG_ENABLE_OBJC_ARC = YES;
				CLANG_WARN_BLOCK_CAPTURE_AUTORELEASING = YES;
				CLANG_WARN_BOOL_CONVERSION = YES;
				CLANG_WARN_COMMA = YES;
				CLANG_WARN_CONSTANT_CONVERSION = YES;
				CLANG_WARN_DIRECT_OBJC_ISA_USAGE = YES_ERROR;
				CLANG_WARN_DOCUMENTATION_COMMENTS = YES;
				CLANG_WARN_EMPTY_BODY = YES;
				CLANG_WARN_ENUM_CONVERSION = YES;
				CLANG_WARN_INFINITE_RECURSION = YES;
				CLANG_WARN_INT_CONVERSION = YES;
				CLANG_WARN_NON_LITERAL_NULL_CONVERSION = YES;
				CLANG_WARN_OBJC_LITERAL_CONVERSION = YES;
				CLANG_WARN_OBJC_ROOT_CLASS = YES_ERROR;
				CLANG_WARN_RANGE_LOOP_ANALYSIS = YES;
				CLANG_WARN_STRICT_PROTOTYPES = YES;
				CLANG_WARN_SUSPICIOUS_MOVE = YES;
				CLANG_WARN_UNGUARDED_AVAILABILITY = YES_AGGRESSIVE;
				CLANG_WARN_UNREACHABLE_CODE = YES;
				CLANG_WARN__DUPLICATE_METHOD_MATCH = YES;
				CODE_SIGN_IDENTITY = "iPhone Developer";
				COPY_PHASE_STRIP = NO;
				DEBUG_INFORMATION_FORMAT = dwarf;
				ENABLE_STRICT_OBJC_MSGSEND = YES;
				ENABLE_TESTABILITY = YES;
				GCC_C_LANGUAGE_STANDARD = gnu11;
				GCC_DYNAMIC_NO_PIC = NO;
				GCC_NO_COMMON_BLOCKS = YES;
				GCC_OPTIMIZATION_LEVEL = 0;
				GCC_PREPROCESSOR_DEFINITIONS = (
					"DEBUG=1",
					"$(inherited)",
				);
				GCC_WARN_64_TO_32_BIT_CONVERSION = YES;
				GCC_WARN_ABOUT_RETURN_TYPE = YES_ERROR;
				GCC_WARN_UNDECLARED_SELECTOR = YES;
				GCC_WARN_UNINITIALIZED_AUTOS = YES_AGGRESSIVE;
				GCC_WARN_UNUSED_FUNCTION = YES;
				GCC_WARN_UNUSED_VARIABLE = YES;
				IPHONEOS_DEPLOYMENT_TARGET = 11.2;
				MTL_ENABLE_DEBUG_INFO = YES;
				ONLY_ACTIVE_ARCH = YES;
				SDKROOT = iphoneos;
				SWIFT_ACTIVE_COMPILATION_CONDITIONS = DEBUG;
				SWIFT_OPTIMIZATION_LEVEL = "-Onone";
			};
			name = Debug;
		};
		118E536C201D7AAA0007CE38 /* Release */ = {
			isa = XCBuildConfiguration;
			buildSettings = {
				ALWAYS_SEARCH_USER_PATHS = NO;
				CLANG_ANALYZER_NONNULL = YES;
				CLANG_ANALYZER_NUMBER_OBJECT_CONVERSION = YES_AGGRESSIVE;
				CLANG_CXX_LANGUAGE_STANDARD = "gnu++14";
				CLANG_CXX_LIBRARY = "libc++";
				CLANG_ENABLE_MODULES = YES;
				CLANG_ENABLE_OBJC_ARC = YES;
				CLANG_WARN_BLOCK_CAPTURE_AUTORELEASING = YES;
				CLANG_WARN_BOOL_CONVERSION = YES;
				CLANG_WARN_COMMA = YES;
				CLANG_WARN_CONSTANT_CONVERSION = YES;
				CLANG_WARN_DIRECT_OBJC_ISA_USAGE = YES_ERROR;
				CLANG_WARN_DOCUMENTATION_COMMENTS = YES;
				CLANG_WARN_EMPTY_BODY = YES;
				CLANG_WARN_ENUM_CONVERSION = YES;
				CLANG_WARN_INFINITE_RECURSION = YES;
				CLANG_WARN_INT_CONVERSION = YES;
				CLANG_WARN_NON_LITERAL_NULL_CONVERSION = YES;
				CLANG_WARN_OBJC_LITERAL_CONVERSION = YES;
				CLANG_WARN_OBJC_ROOT_CLASS = YES_ERROR;
				CLANG_WARN_RANGE_LOOP_ANALYSIS = YES;
				CLANG_WARN_STRICT_PROTOTYPES = YES;
				CLANG_WARN_SUSPICIOUS_MOVE = YES;
				CLANG_WARN_UNGUARDED_AVAILABILITY = YES_AGGRESSIVE;
				CLANG_WARN_UNREACHABLE_CODE = YES;
				CLANG_WARN__DUPLICATE_METHOD_MATCH = YES;
				CODE_SIGN_IDENTITY = "iPhone Developer";
				COPY_PHASE_STRIP = NO;
				DEBUG_INFORMATION_FORMAT = "dwarf-with-dsym";
				ENABLE_NS_ASSERTIONS = NO;
				ENABLE_STRICT_OBJC_MSGSEND = YES;
				GCC_C_LANGUAGE_STANDARD = gnu11;
				GCC_NO_COMMON_BLOCKS = YES;
				GCC_WARN_64_TO_32_BIT_CONVERSION = YES;
				GCC_WARN_ABOUT_RETURN_TYPE = YES_ERROR;
				GCC_WARN_UNDECLARED_SELECTOR = YES;
				GCC_WARN_UNINITIALIZED_AUTOS = YES_AGGRESSIVE;
				GCC_WARN_UNUSED_FUNCTION = YES;
				GCC_WARN_UNUSED_VARIABLE = YES;
				IPHONEOS_DEPLOYMENT_TARGET = 11.2;
				MTL_ENABLE_DEBUG_INFO = NO;
				SDKROOT = iphoneos;
				SWIFT_OPTIMIZATION_LEVEL = "-Owholemodule";
				VALIDATE_PRODUCT = YES;
			};
			name = Release;
		};
		118E536E201D7AAA0007CE38 /* Debug */ = {
			isa = XCBuildConfiguration;
			buildSettings = {
				ASSETCATALOG_COMPILER_APPICON_NAME = AppIcon;
				CODE_SIGN_STYLE = Automatic;
				INFOPLIST_FILE = "Pic Tiles/Info.plist";
				LD_RUNPATH_SEARCH_PATHS = "$(inherited) @executable_path/Frameworks";
				PRODUCT_BUNDLE_IDENTIFIER = "com.jovitoroyeca.Pic-Tiles";
				PRODUCT_NAME = "$(TARGET_NAME)";
				SWIFT_VERSION = 4.0;
				TARGETED_DEVICE_FAMILY = "1,2";
			};
			name = Debug;
		};
		118E536F201D7AAA0007CE38 /* Release */ = {
			isa = XCBuildConfiguration;
			buildSettings = {
				ASSETCATALOG_COMPILER_APPICON_NAME = AppIcon;
				CODE_SIGN_STYLE = Automatic;
				INFOPLIST_FILE = "Pic Tiles/Info.plist";
				LD_RUNPATH_SEARCH_PATHS = "$(inherited) @executable_path/Frameworks";
				PRODUCT_BUNDLE_IDENTIFIER = "com.jovitoroyeca.Pic-Tiles";
				PRODUCT_NAME = "$(TARGET_NAME)";
				SWIFT_VERSION = 4.0;
				TARGETED_DEVICE_FAMILY = "1,2";
			};
			name = Release;
		};
		118E5371201D7AAA0007CE38 /* Debug */ = {
			isa = XCBuildConfiguration;
			buildSettings = {
				ALWAYS_EMBED_SWIFT_STANDARD_LIBRARIES = YES;
				BUNDLE_LOADER = "$(TEST_HOST)";
				CODE_SIGN_STYLE = Automatic;
				INFOPLIST_FILE = "Pic TilesTests/Info.plist";
				LD_RUNPATH_SEARCH_PATHS = "$(inherited) @executable_path/Frameworks @loader_path/Frameworks";
				PRODUCT_BUNDLE_IDENTIFIER = "com.jovitoroyeca.Pic-TilesTests";
				PRODUCT_NAME = "$(TARGET_NAME)";
				SWIFT_VERSION = 4.0;
				TARGETED_DEVICE_FAMILY = "1,2";
				TEST_HOST = "$(BUILT_PRODUCTS_DIR)/Pic Tiles.app/Pic Tiles";
			};
			name = Debug;
		};
		118E5372201D7AAA0007CE38 /* Release */ = {
			isa = XCBuildConfiguration;
			buildSettings = {
				ALWAYS_EMBED_SWIFT_STANDARD_LIBRARIES = YES;
				BUNDLE_LOADER = "$(TEST_HOST)";
				CODE_SIGN_STYLE = Automatic;
				INFOPLIST_FILE = "Pic TilesTests/Info.plist";
				LD_RUNPATH_SEARCH_PATHS = "$(inherited) @executable_path/Frameworks @loader_path/Frameworks";
				PRODUCT_BUNDLE_IDENTIFIER = "com.jovitoroyeca.Pic-TilesTests";
				PRODUCT_NAME = "$(TARGET_NAME)";
				SWIFT_VERSION = 4.0;
				TARGETED_DEVICE_FAMILY = "1,2";
				TEST_HOST = "$(BUILT_PRODUCTS_DIR)/Pic Tiles.app/Pic Tiles";
			};
			name = Release;
		};
		118E5374201D7AAA0007CE38 /* Debug */ = {
			isa = XCBuildConfiguration;
			buildSettings = {
				ALWAYS_EMBED_SWIFT_STANDARD_LIBRARIES = YES;
				CODE_SIGN_STYLE = Automatic;
				INFOPLIST_FILE = "Pic TilesUITests/Info.plist";
				LD_RUNPATH_SEARCH_PATHS = "$(inherited) @executable_path/Frameworks @loader_path/Frameworks";
				PRODUCT_BUNDLE_IDENTIFIER = "com.jovitoroyeca.Pic-TilesUITests";
				PRODUCT_NAME = "$(TARGET_NAME)";
				SWIFT_VERSION = 4.0;
				TARGETED_DEVICE_FAMILY = "1,2";
				TEST_TARGET_NAME = "Pic Tiles";
			};
			name = Debug;
		};
		118E5375201D7AAA0007CE38 /* Release */ = {
			isa = XCBuildConfiguration;
			buildSettings = {
				ALWAYS_EMBED_SWIFT_STANDARD_LIBRARIES = YES;
				CODE_SIGN_STYLE = Automatic;
				INFOPLIST_FILE = "Pic TilesUITests/Info.plist";
				LD_RUNPATH_SEARCH_PATHS = "$(inherited) @executable_path/Frameworks @loader_path/Frameworks";
				PRODUCT_BUNDLE_IDENTIFIER = "com.jovitoroyeca.Pic-TilesUITests";
				PRODUCT_NAME = "$(TARGET_NAME)";
				SWIFT_VERSION = 4.0;
				TARGETED_DEVICE_FAMILY = "1,2";
				TEST_TARGET_NAME = "Pic Tiles";
			};
			name = Release;
		};
/* End XCBuildConfiguration section */

/* Begin XCConfigurationList section */
		118E5340201D7AAA0007CE38 /* Build configuration list for PBXProject "Pic Tiles" */ = {
			isa = XCConfigurationList;
			buildConfigurations = (
				118E536B201D7AAA0007CE38 /* Debug */,
				118E536C201D7AAA0007CE38 /* Release */,
			);
			defaultConfigurationIsVisible = 0;
			defaultConfigurationName = Release;
		};
		118E536D201D7AAA0007CE38 /* Build configuration list for PBXNativeTarget "Pic Tiles" */ = {
			isa = XCConfigurationList;
			buildConfigurations = (
				118E536E201D7AAA0007CE38 /* Debug */,
				118E536F201D7AAA0007CE38 /* Release */,
			);
			defaultConfigurationIsVisible = 0;
			defaultConfigurationName = Release;
		};
		118E5370201D7AAA0007CE38 /* Build configuration list for PBXNativeTarget "Pic TilesTests" */ = {
			isa = XCConfigurationList;
			buildConfigurations = (
				118E5371201D7AAA0007CE38 /* Debug */,
				118E5372201D7AAA0007CE38 /* Release */,
			);
			defaultConfigurationIsVisible = 0;
			defaultConfigurationName = Release;
		};
		118E5373201D7AAA0007CE38 /* Build configuration list for PBXNativeTarget "Pic TilesUITests" */ = {
			isa = XCConfigurationList;
			buildConfigurations = (
				118E5374201D7AAA0007CE38 /* Debug */,
				118E5375201D7AAA0007CE38 /* Release */,
			);
			defaultConfigurationIsVisible = 0;
			defaultConfigurationName = Release;
		};
/* End XCConfigurationList section */
	};
	rootObject = 118E533D201D7AAA0007CE38 /* Project object */;
}
